
Microsoft Visual Studio Solution File, Format Version 12.00
# Visual Studio Version 17
VisualStudioVersion = 17.1.32328.378
MinimumVisualStudioVersion = 10.0.40219.1
Project("{8BC9CEB8-8B4A-11D0-8D11-00A0C91BC942}") = "zadacha7", "zadacha7.vcxproj", "{A6E633E4-C6E4-4E47-9C52-2B05A7F375A2}"
EndProject
Global
	GlobalSection(SolutionConfigurationPlatforms) = preSolution
		Debug|x64 = Debug|x64
		Debug|x86 = Debug|x86
		Release|x64 = Release|x64
		Release|x86 = Release|x86
	EndGlobalSection
	GlobalSection(ProjectConfigurationPlatforms) = postSolution
		{A6E633E4-C6E4-4E47-9C52-2B05A7F375A2}.Debug|x64.ActiveCfg = Debug|x64
		{A6E633E4-C6E4-4E47-9C52-2B05A7F375A2}.Debug|x64.Build.0 = Debug|x64
		{A6E633E4-C6E4-4E47-9C52-2B05A7F375A2}.Debug|x86.ActiveCfg = Debug|Win32
		{A6E633E4-C6E4-4E47-9C52-2B05A7F375A2}.Debug|x86.Build.0 = Debug|Win32
		{A6E633E4-C6E4-4E47-9C52-2B05A7F375A2}.Release|x64.ActiveCfg = Release|x64
		{A6E633E4-C6E4-4E47-9C52-2B05A7F375A2}.Release|x64.Build.0 = Release|x64
		{A6E633E4-C6E4-4E47-9C52-2B05A7F375A2}.Release|x86.ActiveCfg = Release|Win32
		{A6E633E4-C6E4-4E47-9C52-2B05A7F375A2}.Release|x86.Build.0 = Release|Win32
	EndGlobalSection
	GlobalSection(SolutionProperties) = preSolution
		HideSolutionNode = FALSE
	EndGlobalSection
	GlobalSection(ExtensibilityGlobals) = postSolution
		SolutionGuid = {C6239808-EC95-491E-81AB-BE32F5E79E89}
	EndGlobalSection
EndGlobal
